{
  "requires": true,
  "lockfileVersion": 1,
  "dependencies": {
    "@jest/types": {
      "version": "25.5.0",
      "resolved": "https://registry.npm.taobao.org/@jest/types/download/@jest/types-25.5.0.tgz?cache=0&sync_timestamp=1592925400652&other_urls=https%3A%2F%2Fregistry.npm.taobao.org%2F%40jest%2Ftypes%2Fdownload%2F%40jest%2Ftypes-25.5.0.tgz",
      "integrity": "sha1-TWpHk/e5WZ/DaAh3uFapfbzPKp0=",
      "requires": {
        "@types/istanbul-lib-coverage": "^2.0.0",
        "@types/istanbul-reports": "^1.1.1",
        "@types/yargs": "^15.0.0",
        "chalk": "^3.0.0"
      }
    },
    "@types/color-name": {
      "version": "1.1.1",
      "resolved": "https://registry.npm.taobao.org/@types/color-name/download/@types/color-name-1.1.1.tgz",
      "integrity": "sha1-HBJhu+qhCoBVu8XYq4S3sq/IRqA="
    },
    "@types/istanbul-lib-coverage": {
      "version": "2.0.3",
      "resolved": "https://registry.npm.taobao.org/@types/istanbul-lib-coverage/download/@types/istanbul-lib-coverage-2.0.3.tgz?cache=0&sync_timestamp=1591718508838&other_urls=https%3A%2F%2Fregistry.npm.taobao.org%2F%40types%2Fistanbul-lib-coverage%2Fdownload%2F%40types%2Fistanbul-lib-coverage-2.0.3.tgz",
      "integrity": "sha1-S6jdtyAiH0MuRDvV+RF/0iz9R2I="
    },
    "@types/istanbul-lib-report": {
      "version": "3.0.0",
      "resolved": "https://registry.npm.taobao.org/@types/istanbul-lib-report/download/@types/istanbul-lib-report-3.0.0.tgz",
      "integrity": "sha1-wUwk8Y6oGQwRjudWK3/5mjZVJoY=",
      "requires": {
        "@types/istanbul-lib-coverage": "*"
      }
    },
    "@types/istanbul-reports": {
      "version": "1.1.2",
      "resolved": "https://registry.npm.taobao.org/@types/istanbul-reports/download/@types/istanbul-reports-1.1.2.tgz?cache=0&sync_timestamp=1589521505771&other_urls=https%3A%2F%2Fregistry.npm.taobao.org%2F%40types%2Fistanbul-reports%2Fdownload%2F%40types%2Fistanbul-reports-1.1.2.tgz",
      "integrity": "sha1-6HXMaJ5HvOVJ7IHz315vbxHPrrI=",
      "requires": {
        "@types/istanbul-lib-coverage": "*",
        "@types/istanbul-lib-report": "*"
      }
    },
    "@types/jest": {
      "version": "26.0.4",
      "resolved": "https://registry.npm.taobao.org/@types/jest/download/@types/jest-26.0.4.tgz",
      "integrity": "sha1-0uUT6FrKFpkoFvGSWCteZ7CxXvs=",
      "requires": {
        "jest-diff": "^25.2.1",
        "pretty-format": "^25.2.1"
      }
    },
    "@types/node": {
      "version": "14.0.18",
      "resolved": "https://registry.npm.taobao.org/@types/node/download/@types/node-14.0.18.tgz?cache=0&sync_timestamp=1594069221612&other_urls=https%3A%2F%2Fregistry.npm.taobao.org%2F%40types%2Fnode%2Fdownload%2F%40types%2Fnode-14.0.18.tgz",
      "integrity": "sha1-URGyKFZZRC+flWlzhqK0K4db1+k="
    },
    "@types/prop-types": {
      "version": "15.7.3",
      "resolved": "https://registry.npm.taobao.org/@types/prop-types/download/@types/prop-types-15.7.3.tgz",
      "integrity": "sha1-KrDV2i5YFflLC51LldHl8kOrLKc="
    },
    "@types/react": {
      "version": "16.9.41",
      "resolved": "https://registry.npm.taobao.org/@types/react/download/@types/react-16.9.41.tgz",
      "integrity": "sha1-klE37k0v9Aag7PKejpI3OQhEAC4=",
      "requires": {
        "@types/prop-types": "*",
        "csstype": "^2.2.0"
      }
    },
    "@types/react-dom": {
      "version": "16.9.8",
      "resolved": "https://registry.npm.taobao.org/@types/react-dom/download/@types/react-dom-16.9.8.tgz",
      "integrity": "sha1-/kweEd/GcVVzPfpqplEItJcctCM=",
      "requires": {
        "@types/react": "*"
      }
    },
    "@types/yargs": {
      "version": "15.0.5",
      "resolved": "https://registry.npm.taobao.org/@types/yargs/download/@types/yargs-15.0.5.tgz?cache=0&sync_timestamp=1589404931629&other_urls=https%3A%2F%2Fregistry.npm.taobao.org%2F%40types%2Fyargs%2Fdownload%2F%40types%2Fyargs-15.0.5.tgz",
      "integrity": "sha1-lH6aZWFIO97prf/Jg+kaaQKvi3k=",
      "requires": {
        "@types/yargs-parser": "*"
      }
    },
    "@types/yargs-parser": {
      "version": "15.0.0",
      "resolved": "https://registry.npm.taobao.org/@types/yargs-parser/download/@types/yargs-parser-15.0.0.tgz",
      "integrity": "sha1-yz+fdBhp4gzOMw/765JxWQSDiC0="
    },
    "ansi-regex": {
      "version": "5.0.0",
      "resolved": "https://registry.npm.taobao.org/ansi-regex/download/ansi-regex-5.0.0.tgz",
      "integrity": "sha1-OIU59VF5vzkznIGvMKZU1p+Hy3U="
    },
    "ansi-styles": {
      "version": "4.2.1",
      "resolved": "https://registry.npm.taobao.org/ansi-styles/download/ansi-styles-4.2.1.tgz",
      "integrity": "sha1-kK51xCTQCNJiTFvynq0xd+v881k=",
      "requires": {
        "@types/color-name": "^1.1.1",
        "color-convert": "^2.0.1"
      }
    },
    "chalk": {
      "version": "3.0.0",
      "resolved": "https://registry.npm.taobao.org/chalk/download/chalk-3.0.0.tgz?cache=0&sync_timestamp=1591686984650&other_urls=https%3A%2F%2Fregistry.npm.taobao.org%2Fchalk%2Fdownload%2Fchalk-3.0.0.tgz",
      "integrity": "sha1-P3PCv1JlkfV0zEksUeJFY0n4ROQ=",
      "requires": {
        "ansi-styles": "^4.1.0",
        "supports-color": "^7.1.0"
      }
    },
    "color-convert": {
      "version": "2.0.1",
      "resolved": "https://registry.npm.taobao.org/color-convert/download/color-convert-2.0.1.tgz",
      "integrity": "sha1-ctOmjVmMm9s68q0ehPIdiWq9TeM=",
      "requires": {
        "color-name": "~1.1.4"
      }
    },
    "color-name": {
      "version": "1.1.4",
      "resolved": "https://registry.npm.taobao.org/color-name/download/color-name-1.1.4.tgz",
      "integrity": "sha1-wqCah6y95pVD3m9j+jmVyCbFNqI="
    },
    "csstype": {
      "version": "2.6.11",
      "resolved": "https://registry.npm.taobao.org/csstype/download/csstype-2.6.11.tgz?cache=0&sync_timestamp=1593599889794&other_urls=https%3A%2F%2Fregistry.npm.taobao.org%2Fcsstype%2Fdownload%2Fcsstype-2.6.11.tgz",
      "integrity": "sha1-RS9NAkFJ7PJgqFKwJeNlYqJT/8U="
    },
    "diff-sequences": {
      "version": "25.2.6",
      "resolved": "https://registry.npm.taobao.org/diff-sequences/download/diff-sequences-25.2.6.tgz",
      "integrity": "sha1-X0Z8AO3TU1K3vKRteSfWDmh6dt0="
    },
    "has-flag": {
      "version": "4.0.0",
      "resolved": "https://registry.npm.taobao.org/has-flag/download/has-flag-4.0.0.tgz",
      "integrity": "sha1-lEdx/ZyByBJlxNaUGGDaBrtZR5s="
    },
    "jest-diff": {
      "version": "25.5.0",
      "resolved": "https://registry.npm.taobao.org/jest-diff/download/jest-diff-25.5.0.tgz",
      "integrity": "sha1-HdJu1k+WZnwGjO8Ca2d9+gGvz6k=",
      "requires": {
        "chalk": "^3.0.0",
        "diff-sequences": "^25.2.6",
        "jest-get-type": "^25.2.6",
        "pretty-format": "^25.5.0"
      }
    },
    "jest-get-type": {
      "version": "25.2.6",
      "resolved": "https://registry.npm.taobao.org/jest-get-type/download/jest-get-type-25.2.6.tgz",
      "integrity": "sha1-Cwoy+riQi0TVCL6BaBSH26u42Hc="
    },
    "pretty-format": {
      "version": "25.5.0",
      "resolved": "https://registry.npm.taobao.org/pretty-format/download/pretty-format-25.5.0.tgz",
      "integrity": "sha1-eHPB13T2gsNLjUi2dDor8qxVeRo=",
      "requires": {
        "@jest/types": "^25.5.0",
        "ansi-regex": "^5.0.0",
        "ansi-styles": "^4.0.0",
        "react-is": "^16.12.0"
      }
    },
    "react-is": {
      "version": "16.13.1",
      "resolved": "https://registry.npm.taobao.org/react-is/download/react-is-16.13.1.tgz?cache=0&sync_timestamp=1592589350363&other_urls=https%3A%2F%2Fregistry.npm.taobao.org%2Freact-is%2Fdownload%2Freact-is-16.13.1.tgz",
      "integrity": "sha1-eJcppNw23imZ3BVt1sHZwYzqVqQ="
    },
    "supports-color": {
      "version": "7.1.0",
      "resolved": "https://registry.npm.taobao.org/supports-color/download/supports-color-7.1.0.tgz",
      "integrity": "sha1-aOMlkd9z4lrRxLSRCKLsUHliv9E=",
      "requires": {
        "has-flag": "^4.0.0"
      }
    },
    "typescript": {
      "version": "3.9.6",
      "resolved": "https://registry.npm.taobao.org/typescript/download/typescript-3.9.6.tgz?cache=0&sync_timestamp=1594107955516&other_urls=https%3A%2F%2Fregistry.npm.taobao.org%2Ftypescript%2Fdownload%2Ftypescript-3.9.6.tgz",
      "integrity": "sha1-jz4BmKNMOuFwkbNVcdOv0xmZNlo="
    }
  }
}
